
Microsoft Visual Studio Solution File, Format Version 12.00
# Visual Studio Version 16
VisualStudioVersion = 16.0.29728.190
MinimumVisualStudioVersion = 10.0.40219.1
Project("{FAE04EC0-301F-11D3-BF4B-00C04F79EFBC}") = "PageRazor-App1", "PageRazor-App1\PageRazor-App1.csproj", "{9AD218A8-39F2-4CCD-BE97-A32AF0D16967}"
EndProject
Global
	GlobalSection(SolutionConfigurationPlatforms) = preSolution
		Debug|Any CPU = Debug|Any CPU
		Release|Any CPU = Release|Any CPU
	EndGlobalSection
	GlobalSection(ProjectConfigurationPlatforms) = postSolution
		{9AD218A8-39F2-4CCD-BE97-A32AF0D16967}.Debug|Any CPU.ActiveCfg = Debug|Any CPU
		{9AD218A8-39F2-4CCD-BE97-A32AF0D16967}.Debug|Any CPU.Build.0 = Debug|Any CPU
		{9AD218A8-39F2-4CCD-BE97-A32AF0D16967}.Release|Any CPU.ActiveCfg = Release|Any CPU
		{9AD218A8-39F2-4CCD-BE97-A32AF0D16967}.Release|Any CPU.Build.0 = Release|Any CPU
	EndGlobalSection
	GlobalSection(SolutionProperties) = preSolution
		HideSolutionNode = FALSE
	EndGlobalSection
	GlobalSection(ExtensibilityGlobals) = postSolution
		SolutionGuid = {A895BDBB-23C0-46E4-B95F-A84F1621F085}
	EndGlobalSection
EndGlobal
